
Microsoft Visual Studio Solution File, Format Version 12.00
# Visual Studio 15
VisualStudioVersion = 15.0.26730.15
MinimumVisualStudioVersion = 10.0.40219.1
Project("{FAE04EC0-301F-11D3-BF4B-00C04F79EFBC}") = "MosPark", "MosPark\MosPark.csproj", "{8E3A68E7-7908-4201-B668-8F2B50BAAFE9}"
EndProject
Global
	GlobalSection(SolutionConfigurationPlatforms) = preSolution
		Debug|Any CPU = Debug|Any CPU
		Release|Any CPU = Release|Any CPU
	EndGlobalSection
	GlobalSection(ProjectConfigurationPlatforms) = postSolution
		{8E3A68E7-7908-4201-B668-8F2B50BAAFE9}.Debug|Any CPU.ActiveCfg = Debug|Any CPU
		{8E3A68E7-7908-4201-B668-8F2B50BAAFE9}.Debug|Any CPU.Build.0 = Debug|Any CPU
		{8E3A68E7-7908-4201-B668-8F2B50BAAFE9}.Release|Any CPU.ActiveCfg = Release|Any CPU
		{8E3A68E7-7908-4201-B668-8F2B50BAAFE9}.Release|Any CPU.Build.0 = Release|Any CPU
	EndGlobalSection
	GlobalSection(SolutionProperties) = preSolution
		HideSolutionNode = FALSE
	EndGlobalSection
	GlobalSection(ExtensibilityGlobals) = postSolution
		SolutionGuid = {306B61B9-04CD-472E-A680-764E03112667}
	EndGlobalSection
EndGlobal
